
Microsoft Visual Studio Solution File, Format Version 12.00
# Visual Studio Version 17
VisualStudioVersion = 17.11.35312.102
MinimumVisualStudioVersion = 10.0.40219.1
Project("{FAE04EC0-301F-11D3-BF4B-00C04F79EFBC}") = "bbq", "bbq\bbq.csproj", "{30D7A4D8-B2B4-4E5F-A41B-0F16A1B6E761}"
EndProject
Global
	GlobalSection(SolutionConfigurationPlatforms) = preSolution
		Debug|Any CPU = Debug|Any CPU
		Release|Any CPU = Release|Any CPU
	EndGlobalSection
	GlobalSection(ProjectConfigurationPlatforms) = postSolution
		{30D7A4D8-B2B4-4E5F-A41B-0F16A1B6E761}.Debug|Any CPU.ActiveCfg = Debug|Any CPU
		{30D7A4D8-B2B4-4E5F-A41B-0F16A1B6E761}.Debug|Any CPU.Build.0 = Debug|Any CPU
		{30D7A4D8-B2B4-4E5F-A41B-0F16A1B6E761}.Release|Any CPU.ActiveCfg = Release|Any CPU
		{30D7A4D8-B2B4-4E5F-A41B-0F16A1B6E761}.Release|Any CPU.Build.0 = Release|Any CPU
	EndGlobalSection
	GlobalSection(SolutionProperties) = preSolution
		HideSolutionNode = FALSE
	EndGlobalSection
	GlobalSection(ExtensibilityGlobals) = postSolution
		SolutionGuid = {7916112E-880A-4FFA-9229-36055CC0644B}
	EndGlobalSection
EndGlobal
